
Microsoft Visual Studio Solution File, Format Version 12.00
# Visual Studio Version 16
VisualStudioVersion = 16.0.30011.22
MinimumVisualStudioVersion = 10.0.40219.1
Project("{FAE04EC0-301F-11D3-BF4B-00C04F79EFBC}") = "RazorPagesChisoft", "RazorPagesChisoft\RazorPagesChisoft.csproj", "{2367C233-0C71-4B8C-AD11-046A7ABFAC09}"
EndProject
Global
	GlobalSection(SolutionConfigurationPlatforms) = preSolution
		Debug|Any CPU = Debug|Any CPU
		Release|Any CPU = Release|Any CPU
	EndGlobalSection
	GlobalSection(ProjectConfigurationPlatforms) = postSolution
		{2367C233-0C71-4B8C-AD11-046A7ABFAC09}.Debug|Any CPU.ActiveCfg = Debug|Any CPU
		{2367C233-0C71-4B8C-AD11-046A7ABFAC09}.Debug|Any CPU.Build.0 = Debug|Any CPU
		{2367C233-0C71-4B8C-AD11-046A7ABFAC09}.Release|Any CPU.ActiveCfg = Release|Any CPU
		{2367C233-0C71-4B8C-AD11-046A7ABFAC09}.Release|Any CPU.Build.0 = Release|Any CPU
	EndGlobalSection
	GlobalSection(SolutionProperties) = preSolution
		HideSolutionNode = FALSE
	EndGlobalSection
	GlobalSection(ExtensibilityGlobals) = postSolution
		SolutionGuid = {F026E648-A223-4C9B-A567-1230C19BD25E}
	EndGlobalSection
EndGlobal
